
Microsoft Visual Studio Solution File, Format Version 12.00
# Visual Studio Version 17
VisualStudioVersion = 17.2.32630.192
MinimumVisualStudioVersion = 10.0.40219.1
Project("{FAE04EC0-301F-11D3-BF4B-00C04F79EFBC}") = "GestaoMedicamentos.ConsoleApp", "GestaoMedicamentos.ConsoleApp\GestaoMedicamentos.ConsoleApp.csproj", "{FB967992-6E2D-4500-A34E-375D3B9BD661}"
EndProject
Global
	GlobalSection(SolutionConfigurationPlatforms) = preSolution
		Debug|Any CPU = Debug|Any CPU
		Release|Any CPU = Release|Any CPU
	EndGlobalSection
	GlobalSection(ProjectConfigurationPlatforms) = postSolution
		{FB967992-6E2D-4500-A34E-375D3B9BD661}.Debug|Any CPU.ActiveCfg = Debug|Any CPU
		{FB967992-6E2D-4500-A34E-375D3B9BD661}.Debug|Any CPU.Build.0 = Debug|Any CPU
		{FB967992-6E2D-4500-A34E-375D3B9BD661}.Release|Any CPU.ActiveCfg = Release|Any CPU
		{FB967992-6E2D-4500-A34E-375D3B9BD661}.Release|Any CPU.Build.0 = Release|Any CPU
	EndGlobalSection
	GlobalSection(SolutionProperties) = preSolution
		HideSolutionNode = FALSE
	EndGlobalSection
	GlobalSection(ExtensibilityGlobals) = postSolution
		SolutionGuid = {0BA631B7-0046-4D9A-A513-2BF7E18EAE25}
	EndGlobalSection
EndGlobal
